
Microsoft Visual Studio Solution File, Format Version 12.00
# Visual Studio Version 17
VisualStudioVersion = 17.7.34009.444
MinimumVisualStudioVersion = 10.0.40219.1
Project("{FAE04EC0-301F-11D3-BF4B-00C04F79EFBC}") = "APICatalogo", "APICatalogo\APICatalogo.csproj", "{8D73B958-26B3-417F-8F49-CB350AFD89B7}"
EndProject
Global
	GlobalSection(SolutionConfigurationPlatforms) = preSolution
		Debug|Any CPU = Debug|Any CPU
		Release|Any CPU = Release|Any CPU
	EndGlobalSection
	GlobalSection(ProjectConfigurationPlatforms) = postSolution
		{8D73B958-26B3-417F-8F49-CB350AFD89B7}.Debug|Any CPU.ActiveCfg = Debug|Any CPU
		{8D73B958-26B3-417F-8F49-CB350AFD89B7}.Debug|Any CPU.Build.0 = Debug|Any CPU
		{8D73B958-26B3-417F-8F49-CB350AFD89B7}.Release|Any CPU.ActiveCfg = Release|Any CPU
		{8D73B958-26B3-417F-8F49-CB350AFD89B7}.Release|Any CPU.Build.0 = Release|Any CPU
	EndGlobalSection
	GlobalSection(SolutionProperties) = preSolution
		HideSolutionNode = FALSE
	EndGlobalSection
	GlobalSection(ExtensibilityGlobals) = postSolution
		SolutionGuid = {4885D8E9-2D8A-41D0-A332-2EDA2A53F4FD}
	EndGlobalSection
EndGlobal
